dependencies:
- name: quarterdeck
  repository: file://../quarterdeck
  version: 0.17.2
- name: genoa
  repository: file://../genoa
  version: 1.4.0
- name: opentelemetry
  repository: file://../opentelemetry
  version: 1.0.1
digest: sha256:aa39490e415157e16d3f523b2d4d500e8698b770e72616f29403b03b39c031ef
generated: "2026-09-30T14:37:34.307556-10:00"
