dependencies:
- name: quarterdeck
  repository: file://../quarterdeck
  version: 0.15.0
- name: genoa
  repository: file://../genoa
  version: 1.2.0
- name: opentelemetry
  repository: file://../opentelemetry
  version: 1.0.1
digest: sha256:1a187f72ca91ca7862cb81e503a06525bb89c1bc129100d950260e36fbc3aede
generated: "2026-09-09T13:02:09.816851-05:00"
